// !$*UTF8*$!
{
	archiveVersion = 1;
	classes = {
	};
	objectVersion = 50;
	objects = {

/* Begin PBXBuildFile section */
		9045D406247A8E5A00F08EF5 /* AboutAuthorViewController.swift in Sources */ = {isa = PBXBuildFile; fileRef = 9045D405247A8E5A00F08EF5 /* AboutAuthorViewController.swift */; };
		9045D408247A99DB00F08EF5 /* BullsEye.html in Resources */ = {isa = PBXBuildFile; fileRef = 9045D407247A99DB00F08EF5 /* BullsEye.html */; };
		90CB4710247A294A00A82C7B /* AppDelegate.swift in Sources */ = {isa = PBXBuildFile; fileRef = 90CB470F247A294A00A82C7B /* AppDelegate.swift */; };
		90CB4712247A294A00A82C7B /* SceneDelegate.swift in Sources */ = {isa = PBXBuildFile; fileRef = 90CB4711247A294A00A82C7B /* SceneDelegate.swift */; };
		90CB4714247A294A00A82C7B /* ViewController.swift in Sources */ = {isa = PBXBuildFile; fileRef = 90CB4713247A294A00A82C7B /* ViewController.swift */; };
		90CB4717247A294B00A82C7B /* Main.storyboard in Resources */ = {isa = PBXBuildFile; fileRef = 90CB4715247A294B00A82C7B /* Main.storyboard */; };
		90CB4719247A294B00A82C7B /* Assets.xcassets in Resources */ = {isa = PBXBuildFile; fileRef = 90CB4718247A294B00A82C7B /* Assets.xcassets */; };
		90CB471C247A294B00A82C7B /* LaunchScreen.storyboard in Resources */ = {isa = PBXBuildFile; fileRef = 90CB471A247A294B00A82C7B /* LaunchScreen.storyboard */; };
		90CB4724247A826B00A82C7B /* AboutViewController.swift in Sources */ = {isa = PBXBuildFile; fileRef = 90CB4723247A826B00A82C7B /* AboutViewController.swift */; };
/* End PBXBuildFile section */

/* Begin PBXFileReference section */
		9045D405247A8E5A00F08EF5 /* AboutAuthorViewController.swift */ = {isa = PBXFileReference; lastKnownFileType = sourcecode.swift; path = AboutAuthorViewController.swift; sourceTree = "<group>"; };
		9045D407247A99DB00F08EF5 /* BullsEye.html */ = {isa = PBXFileReference; fileEncoding = 4; lastKnownFileType = text.html; path = BullsEye.html; sourceTree = "<group>"; };
		90CB470C247A294A00A82C7B /* Elephant's Eye.app */ = {isa = PBXFileReference; explicitFileType = wrapper.application; includeInIndex = 0; path = "Elephant's Eye.app"; sourceTree = BUILT_PRODUCTS_DIR; };
		90CB470F247A294A00A82C7B /* AppDelegate.swift */ = {isa = PBXFileReference; lastKnownFileType = sourcecode.swift; path = AppDelegate.swift; sourceTree = "<group>"; };
		90CB4711247A294A00A82C7B /* SceneDelegate.swift */ = {isa = PBXFileReference; lastKnownFileType = sourcecode.swift; path = SceneDelegate.swift; sourceTree = "<group>"; };
		90CB4713247A294A00A82C7B /* ViewController.swift */ = {isa = PBXFileReference; lastKnownFileType = sourcecode.swift; path = ViewController.swift; sourceTree = "<group>"; };
		90CB4716247A294B00A82C7B /* Base */ = {isa = PBXFileReference; lastKnownFileType = file.storyboard; name = Base; path = Base.lproj/Main.storyboard; sourceTree = "<group>"; };
		90CB4718247A294B00A82C7B /* Assets.xcassets */ = {isa = PBXFileReference; lastKnownFileType = folder.assetcatalog; path = Assets.xcassets; sourceTree = "<group>"; };
		90CB471B247A294B00A82C7B /* Base */ = {isa = PBXFileReference; lastKnownFileType = file.storyboard; name = Base; path = Base.lproj/LaunchScreen.storyboard; sourceTree = "<group>"; };
		90CB471D247A294B00A82C7B /* Info.plist */ = {isa = PBXFileReference; lastKnownFileType = text.plist.xml; path = Info.plist; sourceTree = "<group>"; };
		90CB4723247A826B00A82C7B /* AboutViewController.swift */ = {isa = PBXFileReference; lastKnownFileType = sourcecode.swift; path = AboutViewController.swift; sourceTree = "<group>"; };
/* End PBXFileReference section */

/* Begin PBXFrameworksBuildPhase section */
		90CB4709247A294A00A82C7B /* Frameworks */ = {
			isa = PBXFrameworksBuildPhase;
			buildActionMask = 2147483647;
			files = (
			);
			runOnlyForDeploymentPostprocessing = 0;
		};
/* End PBXFrameworksBuildPhase section */

/* Begin PBXGroup section */
		90CB4703247A294A00A82C7B = {
			isa = PBXGroup;
			children = (
				90CB470E247A294A00A82C7B /* ElephantsEye */,
				90CB470D247A294A00A82C7B /* Products */,
			);
			sourceTree = "<group>";
		};
		90CB470D247A294A00A82C7B /* Products */ = {
			isa = PBXGroup;
			children = (
				90CB470C247A294A00A82C7B /* Elephant's Eye.app */,
			);
			name = Products;
			sourceTree = "<group>";
		};
		90CB470E247A294A00A82C7B /* ElephantsEye */ = {
			isa = PBXGroup;
			children = (
				90CB470F247A294A00A82C7B /* AppDelegate.swift */,
				90CB4711247A294A00A82C7B /* SceneDelegate.swift */,
				90CB4713247A294A00A82C7B /* ViewController.swift */,
				90CB4723247A826B00A82C7B /* AboutViewController.swift */,
				90CB4715247A294B00A82C7B /* Main.storyboard */,
				9045D405247A8E5A00F08EF5 /* AboutAuthorViewController.swift */,
				90CB4718247A294B00A82C7B /* Assets.xcassets */,
				9045D407247A99DB00F08EF5 /* BullsEye.html */,
				90CB471A247A294B00A82C7B /* LaunchScreen.storyboard */,
				90CB471D247A294B00A82C7B /* Info.plist */,
			);
			path = ElephantsEye;
			sourceTree = "<group>";
		};
/* End PBXGroup section */

/* Begin PBXNativeTarget section */
		90CB470B247A294A00A82C7B /* ElephantsEye */ = {
			isa = PBXNativeTarget;
			buildConfigurationList = 90CB4720247A294B00A82C7B /* Build configuration list for PBXNativeTarget "ElephantsEye" */;
			buildPhases = (
				90CB4708247A294A00A82C7B /* Sources */,
				90CB4709247A294A00A82C7B /* Frameworks */,
				90CB470A247A294A00A82C7B /* Resources */,
			);
			buildRules = (
			);
			dependencies = (
			);
			name = ElephantsEye;
			productName = ElephantsEye;
			productReference = 90CB470C247A294A00A82C7B /* Elephant's Eye.app */;
			productType = "com.apple.product-type.application";
		};
/* End PBXNativeTarget section */

/* Begin PBXProject section */
		90CB4704247A294A00A82C7B /* Project object */ = {
			isa = PBXProject;
			attributes = {
				LastSwiftUpdateCheck = 1120;
				LastUpgradeCheck = 1120;
				ORGANIZATIONNAME = "Puneet Pugalia";
				TargetAttributes = {
					90CB470B247A294A00A82C7B = {
						CreatedOnToolsVersion = 11.2.1;
					};
				};
			};
			buildConfigurationList = 90CB4707247A294A00A82C7B /* Build configuration list for PBXProject "ElephantsEye" */;
			compatibilityVersion = "Xcode 9.3";
			developmentRegion = en;
			hasScannedForEncodings = 0;
			knownRegions = (
				en,
				Base,
			);
			mainGroup = 90CB4703247A294A00A82C7B;
			productRefGroup = 90CB470D247A294A00A82C7B /* Products */;
			projectDirPath = "";
			projectRoot = "";
			targets = (
				90CB470B247A294A00A82C7B /* ElephantsEye */,
			);
		};
/* End PBXProject section */

/* Begin PBXResourcesBuildPhase section */
		90CB470A247A294A00A82C7B /* Resources */ = {
			isa = PBXResourcesBuildPhase;
			buildActionMask = 2147483647;
			files = (
				90CB471C247A294B00A82C7B /* LaunchScreen.storyboard in Resources */,
				9045D408247A99DB00F08EF5 /* BullsEye.html in Resources */,
				90CB4719247A294B00A82C7B /* Assets.xcassets in Resources */,
				90CB4717247A294B00A82C7B /* Main.storyboard in Resources */,
			);
			runOnlyForDeploymentPostprocessing = 0;
		};
/* End PBXResourcesBuildPhase section */

/* Begin PBXSourcesBuildPhase section */
		90CB4708247A294A00A82C7B /* Sources */ = {
			isa = PBXSourcesBuildPhase;
			buildActionMask = 2147483647;
			files = (
				90CB4714247A294A00A82C7B /* ViewController.swift in Sources */,
				90CB4710247A294A00A82C7B /* AppDelegate.swift in Sources */,
				90CB4724247A826B00A82C7B /* AboutViewController.swift in Sources */,
				90CB4712247A294A00A82C7B /* SceneDelegate.swift in Sources */,
				9045D406247A8E5A00F08EF5 /* AboutAuthorViewController.swift in Sources */,
			);
			runOnlyForDeploymentPostprocessing = 0;
		};
/* End PBXSourcesBuildPhase section */

/* Begin PBXVariantGroup section */
		90CB4715247A294B00A82C7B /* Main.storyboard */ = {
			isa = PBXVariantGroup;
			children = (
				90CB4716247A294B00A82C7B /* Base */,
			);
			name = Main.storyboard;
			sourceTree = "<group>";
		};
		90CB471A247A294B00A82C7B /* LaunchScreen.storyboard */ = {
			isa = PBXVariantGroup;
			children = (
				90CB471B247A294B00A82C7B /* Base */,
			);
			name = LaunchScreen.storyboard;
			sourceTree = "<group>";
		};
/* End PBXVariantGroup section */

/* Begin XCBuildConfiguration section */
		90CB471E247A294B00A82C7B /* Debug */ = {
			isa = XCBuildConfiguration;
			buildSettings = {
				ALWAYS_SEARCH_USER_PATHS = NO;
				CLANG_ANALYZER_NONNULL = YES;
				CLANG_ANALYZER_NUMBER_OBJECT_CONVERSION = YES_AGGRESSIVE;
				CLANG_CXX_LANGUAGE_STANDARD = "gnu++14";
				CLANG_CXX_LIBRARY = "libc++";
				CLANG_ENABLE_MODULES = YES;
				CLANG_ENABLE_OBJC_ARC = YES;
				CLANG_ENABLE_OBJC_WEAK = YES;
				CLANG_WARN_BLOCK_CAPTURE_AUTORELEASING = YES;
				CLANG_WARN_BOOL_CONVERSION = YES;
				CLANG_WARN_COMMA = YES;
				CLANG_WARN_CONSTANT_CONVERSION = YES;
				CLANG_WARN_DEPRECATED_OBJC_IMPLEMENTATIONS = YES;
				CLANG_WARN_DIRECT_OBJC_ISA_USAGE = YES_ERROR;
				CLANG_WARN_DOCUMENTATION_COMMENTS = YES;
				CLANG_WARN_EMPTY_BODY = YES;
				CLANG_WARN_ENUM_CONVERSION = YES;
				CLANG_WARN_INFINITE_RECURSION = YES;
				CLANG_WARN_INT_CONVERSION = YES;
				CLANG_WARN_NON_LITERAL_NULL_CONVERSION = YES;
				CLANG_WARN_OBJC_IMPLICIT_RETAIN_SELF = YES;
				CLANG_WARN_OBJC_LITERAL_CONVERSION = YES;
				CLANG_WARN_OBJC_ROOT_CLASS = YES_ERROR;
				CLANG_WARN_RANGE_LOOP_ANALYSIS = YES;
				CLANG_WARN_STRICT_PROTOTYPES = YES;
				CLANG_WARN_SUSPICIOUS_MOVE = YES;
				CLANG_WARN_UNGUARDED_AVAILABILITY = YES_AGGRESSIVE;
				CLANG_WARN_UNREACHABLE_CODE = YES;
				CLANG_WARN__DUPLICATE_METHOD_MATCH = YES;
				COPY_PHASE_STRIP = NO;
				DEBUG_INFORMATION_FORMAT = dwarf;
				ENABLE_STRICT_OBJC_MSGSEND = YES;
				ENABLE_TESTABILITY = YES;
				GCC_C_LANGUAGE_STANDARD = gnu11;
				GCC_DYNAMIC_NO_PIC = NO;
				GCC_NO_COMMON_BLOCKS = YES;
				GCC_OPTIMIZATION_LEVEL = 0;
				GCC_PREPROCESSOR_DEFINITIONS = (
					"DEBUG=1",
					"$(inherited)",
				);
				GCC_WARN_64_TO_32_BIT_CONVERSION = YES;
				GCC_WARN_ABOUT_RETURN_TYPE = YES_ERROR;
				GCC_WARN_UNDECLARED_SELECTOR = YES;
				GCC_WARN_UNINITIALIZED_AUTOS = YES_AGGRESSIVE;
				GCC_WARN_UNUSED_FUNCTION = YES;
				GCC_WARN_UNUSED_VARIABLE = YES;
				IPHONEOS_DEPLOYMENT_TARGET = 13.2;
				MTL_ENABLE_DEBUG_INFO = INCLUDE_SOURCE;
				MTL_FAST_MATH = YES;
				ONLY_ACTIVE_ARCH = YES;
				SDKROOT = iphoneos;
				SWIFT_ACTIVE_COMPILATION_CONDITIONS = DEBUG;
				SWIFT_OPTIMIZATION_LEVEL = "-Onone";
			};
			name = Debug;
		};
		90CB471F247A294B00A82C7B /* Release */ = {
			isa = XCBuildConfiguration;
			buildSettings = {
				ALWAYS_SEARCH_USER_PATHS = NO;
				CLANG_ANALYZER_NONNULL = YES;
				CLANG_ANALYZER_NUMBER_OBJECT_CONVERSION = YES_AGGRESSIVE;
				CLANG_CXX_LANGUAGE_STANDARD = "gnu++14";
				CLANG_CXX_LIBRARY = "libc++";
				CLANG_ENABLE_MODULES = YES;
				CLANG_ENABLE_OBJC_ARC = YES;
				CLANG_ENABLE_OBJC_WEAK = YES;
				CLANG_WARN_BLOCK_CAPTURE_AUTORELEASING = YES;
				CLANG_WARN_BOOL_CONVERSION = YES;
				CLANG_WARN_COMMA = YES;
				CLANG_WARN_CONSTANT_CONVERSION = YES;
				CLANG_WARN_DEPRECATED_OBJC_IMPLEMENTATIONS = YES;
				CLANG_WARN_DIRECT_OBJC_ISA_USAGE = YES_ERROR;
				CLANG_WARN_DOCUMENTATION_COMMENTS = YES;
				CLANG_WARN_EMPTY_BODY = YES;
				CLANG_WARN_ENUM_CONVERSION = YES;
				CLANG_WARN_INFINITE_RECURSION = YES;
				CLANG_WARN_INT_CONVERSION = YES;
				CLANG_WARN_NON_LITERAL_NULL_CONVERSION = YES;
				CLANG_WARN_OBJC_IMPLICIT_RETAIN_SELF = YES;
				CLANG_WARN_OBJC_LITERAL_CONVERSION = YES;
				CLANG_WARN_OBJC_ROOT_CLASS = YES_ERROR;
				CLANG_WARN_RANGE_LOOP_ANALYSIS = YES;
				CLANG_WARN_STRICT_PROTOTYPES = YES;
				CLANG_WARN_SUSPICIOUS_MOVE = YES;
				CLANG_WARN_UNGUARDED_AVAILABILITY = YES_AGGRESSIVE;
				CLANG_WARN_UNREACHABLE_CODE = YES;
				CLANG_WARN__DUPLICATE_METHOD_MATCH = YES;
				COPY_PHASE_STRIP = NO;
				DEBUG_INFORMATION_FORMAT = "dwarf-with-dsym";
				ENABLE_NS_ASSERTIONS = NO;
				ENABLE_STRICT_OBJC_MSGSEND = YES;
				GCC_C_LANGUAGE_STANDARD = gnu11;
				GCC_NO_COMMON_BLOCKS = YES;
				GCC_WARN_64_TO_32_BIT_CONVERSION = YES;
				GCC_WARN_ABOUT_RETURN_TYPE = YES_ERROR;
				GCC_WARN_UNDECLARED_SELECTOR = YES;
				GCC_WARN_UNINITIALIZED_AUTOS = YES_AGGRESSIVE;
				GCC_WARN_UNUSED_FUNCTION = YES;
				GCC_WARN_UNUSED_VARIABLE = YES;
				IPHONEOS_DEPLOYMENT_TARGET = 13.2;
				MTL_ENABLE_DEBUG_INFO = NO;
				MTL_FAST_MATH = YES;
				SDKROOT = iphoneos;
				SWIFT_COMPILATION_MODE = wholemodule;
				SWIFT_OPTIMIZATION_LEVEL = "-O";
				VALIDATE_PRODUCT = YES;
			};
			name = Release;
		};
		90CB4721247A294B00A82C7B /* Debug */ = {
			isa = XCBuildConfiguration;
			buildSettings = {
				ASSETCATALOG_COMPILER_APPICON_NAME = AppIcon;
				CODE_SIGN_STYLE = Automatic;
				DEVELOPMENT_TEAM = DAHJ756J3R;
				INFOPLIST_FILE = ElephantsEye/Info.plist;
				LD_RUNPATH_SEARCH_PATHS = (
					"$(inherited)",
					"@executable_path/Frameworks",
				);
				PRODUCT_BUNDLE_IDENTIFIER = com.puneetpugalia.ElephantsEye;
				PRODUCT_NAME = "Elephant's Eye";
				SWIFT_VERSION = 5.0;
				TARGETED_DEVICE_FAMILY = "1,2";
			};
			name = Debug;
		};
		90CB4722247A294B00A82C7B /* Release */ = {
			isa = XCBuildConfiguration;
			buildSettings = {
				ASSETCATALOG_COMPILER_APPICON_NAME = AppIcon;
				CODE_SIGN_STYLE = Automatic;
				DEVELOPMENT_TEAM = DAHJ756J3R;
				INFOPLIST_FILE = ElephantsEye/Info.plist;
				LD_RUNPATH_SEARCH_PATHS = (
					"$(inherited)",
					"@executable_path/Frameworks",
				);
				PRODUCT_BUNDLE_IDENTIFIER = com.puneetpugalia.ElephantsEye;
				PRODUCT_NAME = "Elephant's Eye";
				SWIFT_VERSION = 5.0;
				TARGETED_DEVICE_FAMILY = "1,2";
			};
			name = Release;
		};
/* End XCBuildConfiguration section */

/* Begin XCConfigurationList section */
		90CB4707247A294A00A82C7B /* Build configuration list for PBXProject "ElephantsEye" */ = {
			isa = XCConfigurationList;
			buildConfigurations = (
				90CB471E247A294B00A82C7B /* Debug */,
				90CB471F247A294B00A82C7B /* Release */,
			);
			defaultConfigurationIsVisible = 0;
			defaultConfigurationName = Release;
		};
		90CB4720247A294B00A82C7B /* Build configuration list for PBXNativeTarget "ElephantsEye" */ = {
			isa = XCConfigurationList;
			buildConfigurations = (
				90CB4721247A294B00A82C7B /* Debug */,
				90CB4722247A294B00A82C7B /* Release */,
			);
			defaultConfigurationIsVisible = 0;
			defaultConfigurationName = Release;
		};
/* End XCConfigurationList section */
	};
	rootObject = 90CB4704247A294A00A82C7B /* Project object */;
}
